
Microsoft Visual Studio Solution File, Format Version 12.00
# Visual Studio Version 17
VisualStudioVersion = 17.12.35527.113
MinimumVisualStudioVersion = 10.0.40219.1
Project("{FAE04EC0-301F-11D3-BF4B-00C04F79EFBC}") = "University", "University\University.csproj", "{07D40820-A5BC-4530-8CBF-89F3F3883503}"
EndProject
Project("{FAE04EC0-301F-11D3-BF4B-00C04F79EFBC}") = "WindowsFormsApp1", "..\..\..\Downloads\net\Week13\WindowsFormsApp1\WindowsFormsApp1.csproj", "{F8B51421-A251-49FD-A329-A0A0C0EEFD53}"
EndProject
Global
	GlobalSection(SolutionConfigurationPlatforms) = preSolution
		Debug|Any CPU = Debug|Any CPU
		Release|Any CPU = Release|Any CPU
	EndGlobalSection
	GlobalSection(ProjectConfigurationPlatforms) = postSolution
		{07D40820-A5BC-4530-8CBF-89F3F3883503}.Debug|Any CPU.ActiveCfg = Debug|Any CPU
		{07D40820-A5BC-4530-8CBF-89F3F3883503}.Debug|Any CPU.Build.0 = Debug|Any CPU
		{07D40820-A5BC-4530-8CBF-89F3F3883503}.Release|Any CPU.ActiveCfg = Release|Any CPU
		{07D40820-A5BC-4530-8CBF-89F3F3883503}.Release|Any CPU.Build.0 = Release|Any CPU
		{F8B51421-A251-49FD-A329-A0A0C0EEFD53}.Debug|Any CPU.ActiveCfg = Debug|Any CPU
		{F8B51421-A251-49FD-A329-A0A0C0EEFD53}.Debug|Any CPU.Build.0 = Debug|Any CPU
		{F8B51421-A251-49FD-A329-A0A0C0EEFD53}.Release|Any CPU.ActiveCfg = Release|Any CPU
		{F8B51421-A251-49FD-A329-A0A0C0EEFD53}.Release|Any CPU.Build.0 = Release|Any CPU
	EndGlobalSection
	GlobalSection(SolutionProperties) = preSolution
		HideSolutionNode = FALSE
	EndGlobalSection
EndGlobal
